<?xml version="1.0" encoding="utf-8"?>
<Project ToolsVersion="4.0" xmlns="http://schemas.microsoft.com/developer/msbuild/2003">
  <ItemGroup>
    <Filter Include="Source Files">
      <UniqueIdentifier>{4FC737F1-C7A5-4376-A066-2A32D752A2FF}</UniqueIdentifier>
      <Extensions>cpp;c;cc;cxx;def;odl;idl;hpj;bat;asm;asmx</Extensions>
    </Filter>
    <Filter Include="Header Files">
      <UniqueIdentifier>{93995380-89BD-4b04-88EB-625FBE52EBFB}</UniqueIdentifier>
      <Extensions>h;hpp;hxx;hm;inl;inc;xsd</Extensions>
    </Filter>
    <Filter Include="Resource Files">
      <UniqueIdentifier>{67DA6AB6-F800-4c08-8B7A-83BB121AAD01}</UniqueIdentifier>
      <Extensions>rc;ico;cur;bmp;dlg;rc2;rct;bin;rgs;gif;jpg;jpeg;jpe;resx;tiff;tif;png;wav;mfcribbon-ms</Extensions>
    </Filter>
  </ItemGroup>
  <ItemGroup>
    <ClInclude Include="..\acconfig.h">
      <Filter>Header Files</Filter>
    </ClInclude>
    <ClInclude Include="..\actionlist.h">
      <Filter>Header Files</Filter>
    </ClInclude>
    <ClInclude Include="..\actions.h">
      <Filter>Header Files</Filter>
    </ClInclude>
    <ClInclude Include="..\cgi.h">
      <Filter>Header Files</Filter>
    </ClInclude>
    <ClInclude Include="..\cgiedit.h">
      <Filter>Header Files</Filter>
    </ClInclude>
    <ClInclude Include="..\cgisimple.h">
      <Filter>Header Files</Filter>
    </ClInclude>
    <ClInclude Include="..\client-tags.h">
      <Filter>Header Files</Filter>
    </ClInclude>
    <ClInclude Include="..\cygwin.h">
      <Filter>Header Files</Filter>
    </ClInclude>
    <ClInclude Include="..\deanimate.h">
      <Filter>Header Files</Filter>
    </ClInclude>
    <ClInclude Include="..\encode.h">
      <Filter>Header Files</Filter>
    </ClInclude>
    <ClInclude Include="..\errlog.h">
      <Filter>Header Files</Filter>
    </ClInclude>
    <ClInclude Include="..\filters.h">
      <Filter>Header Files</Filter>
    </ClInclude>
    <ClInclude Include="..\gateway.h">
      <Filter>Header Files</Filter>
    </ClInclude>
    <ClInclude Include="..\jbsockets.h">
      <Filter>Header Files</Filter>
    </ClInclude>
    <ClInclude Include="..\jcc.h">
      <Filter>Header Files</Filter>
    </ClInclude>
    <ClInclude Include="..\list.h">
      <Filter>Header Files</Filter>
    </ClInclude>
    <ClInclude Include="..\loadcfg.h">
      <Filter>Header Files</Filter>
    </ClInclude>
    <ClInclude Include="..\loaders.h">
      <Filter>Header Files</Filter>
    </ClInclude>
    <ClInclude Include="..\miscutil.h">
      <Filter>Header Files</Filter>
    </ClInclude>
    <ClInclude Include="..\parsers.h">
      <Filter>Header Files</Filter>
    </ClInclude>
    <ClInclude Include="..\pcrs.h">
      <Filter>Header Files</Filter>
    </ClInclude>
    <ClInclude Include="..\project.h">
      <Filter>Header Files</Filter>
    </ClInclude>
    <ClInclude Include="..\ssplit.h">
      <Filter>Header Files</Filter>
    </ClInclude>
    <ClInclude Include="..\strptime.h">
      <Filter>Header Files</Filter>
    </ClInclude>
    <ClInclude Include="..\urlmatch.h">
      <Filter>Header Files</Filter>
    </ClInclude>
    <ClInclude Include="..\w32log.h">
      <Filter>Header Files</Filter>
    </ClInclude>
    <ClInclude Include="..\w32res.h">
      <Filter>Header Files</Filter>
    </ClInclude>
    <ClInclude Include="..\w32svrapi.h">
      <Filter>Header Files</Filter>
    </ClInclude>
    <ClInclude Include="..\w32taskbar.h">
      <Filter>Header Files</Filter>
    </ClInclude>
    <ClInclude Include="..\win32.h">
      <Filter>Header Files</Filter>
    </ClInclude>
    <ClInclude Include="config.h">
      <Filter>Header Files</Filter>
    </ClInclude>
    <ClInclude Include="..\ssl.h">
      <Filter>Header Files</Filter>
    </ClInclude>
    <ClInclude Include="..\ssl_common.h">
      <Filter>Header Files</Filter>
    </ClInclude>
  </ItemGroup>
  <ItemGroup>
    <ClCompile Include="..\actions.c">
      <Filter>Source Files</Filter>
    </ClCompile>
    <ClCompile Include="..\cgi.c">
      <Filter>Source Files</Filter>
    </ClCompile>
    <ClCompile Include="..\cgiedit.c">
      <Filter>Source Files</Filter>
    </ClCompile>
    <ClCompile Include="..\cgisimple.c">
      <Filter>Source Files</Filter>
    </ClCompile>
    <ClCompile Include="..\client-tags.c">
      <Filter>Source Files</Filter>
    </ClCompile>
    <ClCompile Include="..\deanimate.c">
      <Filter>Source Files</Filter>
    </ClCompile>
    <ClCompile Include="..\encode.c">
      <Filter>Source Files</Filter>
    </ClCompile>
    <ClCompile Include="..\errlog.c">
      <Filter>Source Files</Filter>
    </ClCompile>
    <ClCompile Include="..\filters.c">
      <Filter>Source Files</Filter>
    </ClCompile>
    <ClCompile Include="..\fuzz.c">
      <Filter>Source Files</Filter>
    </ClCompile>
    <ClCompile Include="..\gateway.c">
      <Filter>Source Files</Filter>
    </ClCompile>
    <ClCompile Include="..\jbsockets.c">
      <Filter>Source Files</Filter>
    </ClCompile>
    <ClCompile Include="..\jcc.c">
      <Filter>Source Files</Filter>
    </ClCompile>
    <ClCompile Include="..\list.c">
      <Filter>Source Files</Filter>
    </ClCompile>
    <ClCompile Include="..\loadcfg.c">
      <Filter>Source Files</Filter>
    </ClCompile>
    <ClCompile Include="..\loaders.c">
      <Filter>Source Files</Filter>
    </ClCompile>
    <ClCompile Include="..\miscutil.c">
      <Filter>Source Files</Filter>
    </ClCompile>
    <ClCompile Include="..\parsers.c">
      <Filter>Source Files</Filter>
    </ClCompile>
    <ClCompile Include="..\pcrs.c">
      <Filter>Source Files</Filter>
    </ClCompile>
    <ClCompile Include="..\ssplit.c">
      <Filter>Source Files</Filter>
    </ClCompile>
    <ClCompile Include="..\urlmatch.c">
      <Filter>Source Files</Filter>
    </ClCompile>
    <ClCompile Include="..\w32log.c">
      <Filter>Source Files</Filter>
    </ClCompile>
    <ClCompile Include="..\w32svrapi.c">
      <Filter>Source Files</Filter>
    </ClCompile>
    <ClCompile Include="..\w32taskbar.c">
      <Filter>Source Files</Filter>
    </ClCompile>
    <ClCompile Include="..\win32.c">
      <Filter>Source Files</Filter>
    </ClCompile>
    <ClCompile Include="gettimeofday.c">
      <Filter>Source Files</Filter>
    </ClCompile>
    <ClCompile Include="..\openssl.c">
      <Filter>Source Files</Filter>
    </ClCompile>
    <ClCompile Include="..\ssl_common.c">
      <Filter>Source Files</Filter>
    </ClCompile>
    <ClCompile Include="..\ssl.c">
      <Filter>Source Files</Filter>
    </ClCompile>
  </ItemGroup>
  <ItemGroup>
    <ResourceCompile Include="..\w32.rc">
      <Filter>Resource Files</Filter>
    </ResourceCompile>
  </ItemGroup>
  <ItemGroup>
    <None Include="..\windows\privoxy.ico">
      <Filter>Resource Files</Filter>
    </None>
  </ItemGroup>
</Project>